// !$*UTF8*$!
{
	archiveVersion = 1;
	classes = {
	};
	objectVersion = 46;
	objects = {

/* Begin PBXBuildFile section */
		013954EB1B07B93300C553F1 /* AppDelegate.swift in Sources */ = {isa = PBXBuildFile; fileRef = 013954EA1B07B93300C553F1 /* AppDelegate.swift */; };
		013954EE1B07B93300C553F1 /* l8r.xcdatamodeld in Sources */ = {isa = PBXBuildFile; fileRef = 013954EC1B07B93300C553F1 /* l8r.xcdatamodeld */; };
		013954F01B07B93300C553F1 /* ViewController.swift in Sources */ = {isa = PBXBuildFile; fileRef = 013954EF1B07B93300C553F1 /* ViewController.swift */; };
		013954F31B07B93300C553F1 /* Main.storyboard in Resources */ = {isa = PBXBuildFile; fileRef = 013954F11B07B93300C553F1 /* Main.storyboard */; };
		013954F51B07B93300C553F1 /* Images.xcassets in Resources */ = {isa = PBXBuildFile; fileRef = 013954F41B07B93300C553F1 /* Images.xcassets */; };
		013954F81B07B93300C553F1 /* LaunchScreen.xib in Resources */ = {isa = PBXBuildFile; fileRef = 013954F61B07B93300C553F1 /* LaunchScreen.xib */; };
		013955041B07B93300C553F1 /* l8rTests.swift in Sources */ = {isa = PBXBuildFile; fileRef = 013955031B07B93300C553F1 /* l8rTests.swift */; };
		0139550E1B07BB8D00C553F1 /* CameraController.swift in Sources */ = {isa = PBXBuildFile; fileRef = 0139550D1B07BB8D00C553F1 /* CameraController.swift */; };
		013955101B07BC7300C553F1 /* InboxController.swift in Sources */ = {isa = PBXBuildFile; fileRef = 0139550F1B07BC7300C553F1 /* InboxController.swift */; };
		013955121B07BCAC00C553F1 /* MagicController.swift in Sources */ = {isa = PBXBuildFile; fileRef = 013955111B07BCAC00C553F1 /* MagicController.swift */; };
		013955141B08111E00C553F1 /* L8RItem.swift in Sources */ = {isa = PBXBuildFile; fileRef = 013955131B08111E00C553F1 /* L8RItem.swift */; };
		016BF3711B0951B500935D59 /* Dosis-Bold.ttf in Resources */ = {isa = PBXBuildFile; fileRef = 016BF3701B0951B500935D59 /* Dosis-Bold.ttf */; };
		01C8D40D1B0A2B0600FD95AA /* CardStack.swift in Sources */ = {isa = PBXBuildFile; fileRef = 01C8D40C1B0A2B0600FD95AA /* CardStack.swift */; };
/* End PBXBuildFile section */

/* Begin PBXContainerItemProxy section */
		013954FE1B07B93300C553F1 /* PBXContainerItemProxy */ = {
			isa = PBXContainerItemProxy;
			containerPortal = 013954DD1B07B93300C553F1 /* Project object */;
			proxyType = 1;
			remoteGlobalIDString = 013954E41B07B93300C553F1;
			remoteInfo = l8r;
		};
/* End PBXContainerItemProxy section */

/* Begin PBXFileReference section */
		013954E51B07B93300C553F1 /* l8r.app */ = {isa = PBXFileReference; explicitFileType = wrapper.application; includeInIndex = 0; path = l8r.app; sourceTree = BUILT_PRODUCTS_DIR; };
		013954E91B07B93300C553F1 /* Info.plist */ = {isa = PBXFileReference; lastKnownFileType = text.plist.xml; path = Info.plist; sourceTree = "<group>"; };
		013954EA1B07B93300C553F1 /* AppDelegate.swift */ = {isa = PBXFileReference; lastKnownFileType = sourcecode.swift; path = AppDelegate.swift; sourceTree = "<group>"; };
		013954ED1B07B93300C553F1 /* l8r.xcdatamodel */ = {isa = PBXFileReference; lastKnownFileType = wrapper.xcdatamodel; path = l8r.xcdatamodel; sourceTree = "<group>"; };
		013954EF1B07B93300C553F1 /* ViewController.swift */ = {isa = PBXFileReference; lastKnownFileType = sourcecode.swift; path = ViewController.swift; sourceTree = "<group>"; };
		013954F21B07B93300C553F1 /* Base */ = {isa = PBXFileReference; lastKnownFileType = file.storyboard; name = Base; path = Base.lproj/Main.storyboard; sourceTree = "<group>"; };
		013954F41B07B93300C553F1 /* Images.xcassets */ = {isa = PBXFileReference; lastKnownFileType = folder.assetcatalog; path = Images.xcassets; sourceTree = "<group>"; };
		013954F71B07B93300C553F1 /* Base */ = {isa = PBXFileReference; lastKnownFileType = file.xib; name = Base; path = Base.lproj/LaunchScreen.xib; sourceTree = "<group>"; };
		013954FD1B07B93300C553F1 /* l8rTests.xctest */ = {isa = PBXFileReference; explicitFileType = wrapper.cfbundle; includeInIndex = 0; path = l8rTests.xctest; sourceTree = BUILT_PRODUCTS_DIR; };
		013955021B07B93300C553F1 /* Info.plist */ = {isa = PBXFileReference; lastKnownFileType = text.plist.xml; path = Info.plist; sourceTree = "<group>"; };
		013955031B07B93300C553F1 /* l8rTests.swift */ = {isa = PBXFileReference; lastKnownFileType = sourcecode.swift; path = l8rTests.swift; sourceTree = "<group>"; };
		0139550D1B07BB8D00C553F1 /* CameraController.swift */ = {isa = PBXFileReference; fileEncoding = 4; lastKnownFileType = sourcecode.swift; path = CameraController.swift; sourceTree = "<group>"; };
		0139550F1B07BC7300C553F1 /* InboxController.swift */ = {isa = PBXFileReference; fileEncoding = 4; lastKnownFileType = sourcecode.swift; path = InboxController.swift; sourceTree = "<group>"; };
		013955111B07BCAC00C553F1 /* MagicController.swift */ = {isa = PBXFileReference; fileEncoding = 4; lastKnownFileType = sourcecode.swift; path = MagicController.swift; sourceTree = "<group>"; };
		013955131B08111E00C553F1 /* L8RItem.swift */ = {isa = PBXFileReference; fileEncoding = 4; lastKnownFileType = sourcecode.swift; path = L8RItem.swift; sourceTree = "<group>"; };
		016BF3701B0951B500935D59 /* Dosis-Bold.ttf */ = {isa = PBXFileReference; lastKnownFileType = file; path = "Dosis-Bold.ttf"; sourceTree = "<group>"; };
		01C8D40C1B0A2B0600FD95AA /* CardStack.swift */ = {isa = PBXFileReference; fileEncoding = 4; lastKnownFileType = sourcecode.swift; path = CardStack.swift; sourceTree = "<group>"; };
/* End PBXFileReference section */

/* Begin PBXFrameworksBuildPhase section */
		013954E21B07B93300C553F1 /* Frameworks */ = {
			isa = PBXFrameworksBuildPhase;
			buildActionMask = 2147483647;
			files = (
			);
			runOnlyForDeploymentPostprocessing = 0;
		};
		013954FA1B07B93300C553F1 /* Frameworks */ = {
			isa = PBXFrameworksBuildPhase;
			buildActionMask = 2147483647;
			files = (
			);
			runOnlyForDeploymentPostprocessing = 0;
		};
/* End PBXFrameworksBuildPhase section */

/* Begin PBXGroup section */
		013954DC1B07B93300C553F1 = {
			isa = PBXGroup;
			children = (
				016BF3701B0951B500935D59 /* Dosis-Bold.ttf */,
				013955131B08111E00C553F1 /* L8RItem.swift */,
				013954E71B07B93300C553F1 /* l8r */,
				013955001B07B93300C553F1 /* l8rTests */,
				013954E61B07B93300C553F1 /* Products */,
			);
			sourceTree = "<group>";
		};
		013954E61B07B93300C553F1 /* Products */ = {
			isa = PBXGroup;
			children = (
				013954E51B07B93300C553F1 /* l8r.app */,
				013954FD1B07B93300C553F1 /* l8rTests.xctest */,
			);
			name = Products;
			sourceTree = "<group>";
		};
		013954E71B07B93300C553F1 /* l8r */ = {
			isa = PBXGroup;
			children = (
				013954EA1B07B93300C553F1 /* AppDelegate.swift */,
				013954EF1B07B93300C553F1 /* ViewController.swift */,
				013954F11B07B93300C553F1 /* Main.storyboard */,
				013955111B07BCAC00C553F1 /* MagicController.swift */,
				0139550F1B07BC7300C553F1 /* InboxController.swift */,
				01C8D40C1B0A2B0600FD95AA /* CardStack.swift */,
				0139550D1B07BB8D00C553F1 /* CameraController.swift */,
				013954F41B07B93300C553F1 /* Images.xcassets */,
				013954F61B07B93300C553F1 /* LaunchScreen.xib */,
				013954EC1B07B93300C553F1 /* l8r.xcdatamodeld */,
				013954E81B07B93300C553F1 /* Supporting Files */,
			);
			path = l8r;
			sourceTree = "<group>";
		};
		013954E81B07B93300C553F1 /* Supporting Files */ = {
			isa = PBXGroup;
			children = (
				013954E91B07B93300C553F1 /* Info.plist */,
			);
			name = "Supporting Files";
			sourceTree = "<group>";
		};
		013955001B07B93300C553F1 /* l8rTests */ = {
			isa = PBXGroup;
			children = (
				013955031B07B93300C553F1 /* l8rTests.swift */,
				013955011B07B93300C553F1 /* Supporting Files */,
			);
			path = l8rTests;
			sourceTree = "<group>";
		};
		013955011B07B93300C553F1 /* Supporting Files */ = {
			isa = PBXGroup;
			children = (
				013955021B07B93300C553F1 /* Info.plist */,
			);
			name = "Supporting Files";
			sourceTree = "<group>";
		};
/* End PBXGroup section */

/* Begin PBXNativeTarget section */
		013954E41B07B93300C553F1 /* l8r */ = {
			isa = PBXNativeTarget;
			buildConfigurationList = 013955071B07B93300C553F1 /* Build configuration list for PBXNativeTarget "l8r" */;
			buildPhases = (
				013954E11B07B93300C553F1 /* Sources */,
				013954E21B07B93300C553F1 /* Frameworks */,
				013954E31B07B93300C553F1 /* Resources */,
			);
			buildRules = (
			);
			dependencies = (
			);
			name = l8r;
			productName = l8r;
			productReference = 013954E51B07B93300C553F1 /* l8r.app */;
			productType = "com.apple.product-type.application";
		};
		013954FC1B07B93300C553F1 /* l8rTests */ = {
			isa = PBXNativeTarget;
			buildConfigurationList = 0139550A1B07B93300C553F1 /* Build configuration list for PBXNativeTarget "l8rTests" */;
			buildPhases = (
				013954F91B07B93300C553F1 /* Sources */,
				013954FA1B07B93300C553F1 /* Frameworks */,
				013954FB1B07B93300C553F1 /* Resources */,
			);
			buildRules = (
			);
			dependencies = (
				013954FF1B07B93300C553F1 /* PBXTargetDependency */,
			);
			name = l8rTests;
			productName = l8rTests;
			productReference = 013954FD1B07B93300C553F1 /* l8rTests.xctest */;
			productType = "com.apple.product-type.bundle.unit-test";
		};
/* End PBXNativeTarget section */

/* Begin PBXProject section */
		013954DD1B07B93300C553F1 /* Project object */ = {
			isa = PBXProject;
			attributes = {
				LastUpgradeCheck = 0630;
				ORGANIZATIONNAME = poemsio;
				TargetAttributes = {
					013954E41B07B93300C553F1 = {
						CreatedOnToolsVersion = 6.3.1;
					};
					013954FC1B07B93300C553F1 = {
						CreatedOnToolsVersion = 6.3.1;
						TestTargetID = 013954E41B07B93300C553F1;
					};
				};
			};
			buildConfigurationList = 013954E01B07B93300C553F1 /* Build configuration list for PBXProject "l8r" */;
			compatibilityVersion = "Xcode 3.2";
			developmentRegion = English;
			hasScannedForEncodings = 0;
			knownRegions = (
				en,
				Base,
			);
			mainGroup = 013954DC1B07B93300C553F1;
			productRefGroup = 013954E61B07B93300C553F1 /* Products */;
			projectDirPath = "";
			projectRoot = "";
			targets = (
				013954E41B07B93300C553F1 /* l8r */,
				013954FC1B07B93300C553F1 /* l8rTests */,
			);
		};
/* End PBXProject section */

/* Begin PBXResourcesBuildPhase section */
		013954E31B07B93300C553F1 /* Resources */ = {
			isa = PBXResourcesBuildPhase;
			buildActionMask = 2147483647;
			files = (
				013954F31B07B93300C553F1 /* Main.storyboard in Resources */,
				013954F81B07B93300C553F1 /* LaunchScreen.xib in Resources */,
				016BF3711B0951B500935D59 /* Dosis-Bold.ttf in Resources */,
				013954F51B07B93300C553F1 /* Images.xcassets in Resources */,
			);
			runOnlyForDeploymentPostprocessing = 0;
		};
		013954FB1B07B93300C553F1 /* Resources */ = {
			isa = PBXResourcesBuildPhase;
			buildActionMask = 2147483647;
			files = (
			);
			runOnlyForDeploymentPostprocessing = 0;
		};
/* End PBXResourcesBuildPhase section */

/* Begin PBXSourcesBuildPhase section */
		013954E11B07B93300C553F1 /* Sources */ = {
			isa = PBXSourcesBuildPhase;
			buildActionMask = 2147483647;
			files = (
				013954F01B07B93300C553F1 /* ViewController.swift in Sources */,
				013954EE1B07B93300C553F1 /* l8r.xcdatamodeld in Sources */,
				01C8D40D1B0A2B0600FD95AA /* CardStack.swift in Sources */,
				013955101B07BC7300C553F1 /* InboxController.swift in Sources */,
				013955121B07BCAC00C553F1 /* MagicController.swift in Sources */,
				0139550E1B07BB8D00C553F1 /* CameraController.swift in Sources */,
				013955141B08111E00C553F1 /* L8RItem.swift in Sources */,
				013954EB1B07B93300C553F1 /* AppDelegate.swift in Sources */,
			);
			runOnlyForDeploymentPostprocessing = 0;
		};
		013954F91B07B93300C553F1 /* Sources */ = {
			isa = PBXSourcesBuildPhase;
			buildActionMask = 2147483647;
			files = (
				013955041B07B93300C553F1 /* l8rTests.swift in Sources */,
			);
			runOnlyForDeploymentPostprocessing = 0;
		};
/* End PBXSourcesBuildPhase section */

/* Begin PBXTargetDependency section */
		013954FF1B07B93300C553F1 /* PBXTargetDependency */ = {
			isa = PBXTargetDependency;
			target = 013954E41B07B93300C553F1 /* l8r */;
			targetProxy = 013954FE1B07B93300C553F1 /* PBXContainerItemProxy */;
		};
/* End PBXTargetDependency section */

/* Begin PBXVariantGroup section */
		013954F11B07B93300C553F1 /* Main.storyboard */ = {
			isa = PBXVariantGroup;
			children = (
				013954F21B07B93300C553F1 /* Base */,
			);
			name = Main.storyboard;
			sourceTree = "<group>";
		};
		013954F61B07B93300C553F1 /* LaunchScreen.xib */ = {
			isa = PBXVariantGroup;
			children = (
				013954F71B07B93300C553F1 /* Base */,
			);
			name = LaunchScreen.xib;
			sourceTree = "<group>";
		};
/* End PBXVariantGroup section */

/* Begin XCBuildConfiguration section */
		013955051B07B93300C553F1 /* Debug */ = {
			isa = XCBuildConfiguration;
			buildSettings = {
				ALWAYS_SEARCH_USER_PATHS = NO;
				CLANG_CXX_LANGUAGE_STANDARD = "gnu++0x";
				CLANG_CXX_LIBRARY = "libc++";
				CLANG_ENABLE_MODULES = YES;
				CLANG_ENABLE_OBJC_ARC = YES;
				CLANG_WARN_BOOL_CONVERSION = YES;
				CLANG_WARN_CONSTANT_CONVERSION = YES;
				CLANG_WARN_DIRECT_OBJC_ISA_USAGE = YES_ERROR;
				CLANG_WARN_EMPTY_BODY = YES;
				CLANG_WARN_ENUM_CONVERSION = YES;
				CLANG_WARN_INT_CONVERSION = YES;
				CLANG_WARN_OBJC_ROOT_CLASS = YES_ERROR;
				CLANG_WARN_UNREACHABLE_CODE = YES;
				CLANG_WARN__DUPLICATE_METHOD_MATCH = YES;
				"CODE_SIGN_IDENTITY[sdk=iphoneos*]" = "iPhone Developer";
				COPY_PHASE_STRIP = NO;
				DEBUG_INFORMATION_FORMAT = "dwarf-with-dsym";
				ENABLE_STRICT_OBJC_MSGSEND = YES;
				GCC_C_LANGUAGE_STANDARD = gnu99;
				GCC_DYNAMIC_NO_PIC = NO;
				GCC_NO_COMMON_BLOCKS = YES;
				GCC_OPTIMIZATION_LEVEL = 0;
				GCC_PREPROCESSOR_DEFINITIONS = (
					"DEBUG=1",
					"$(inherited)",
				);
				GCC_SYMBOLS_PRIVATE_EXTERN = NO;
				GCC_WARN_64_TO_32_BIT_CONVERSION = YES;
				GCC_WARN_ABOUT_RETURN_TYPE = YES_ERROR;
				GCC_WARN_UNDECLARED_SELECTOR = YES;
				GCC_WARN_UNINITIALIZED_AUTOS = YES_AGGRESSIVE;
				GCC_WARN_UNUSED_FUNCTION = YES;
				GCC_WARN_UNUSED_VARIABLE = YES;
				IPHONEOS_DEPLOYMENT_TARGET = 8.3;
				MTL_ENABLE_DEBUG_INFO = YES;
				ONLY_ACTIVE_ARCH = YES;
				SDKROOT = iphoneos;
				SWIFT_OPTIMIZATION_LEVEL = "-Onone";
			};
			name = Debug;
		};
		013955061B07B93300C553F1 /* Release */ = {
			isa = XCBuildConfiguration;
			buildSettings = {
				ALWAYS_SEARCH_USER_PATHS = NO;
				CLANG_CXX_LANGUAGE_STANDARD = "gnu++0x";
				CLANG_CXX_LIBRARY = "libc++";
				CLANG_ENABLE_MODULES = YES;
				CLANG_ENABLE_OBJC_ARC = YES;
				CLANG_WARN_BOOL_CONVERSION = YES;
				CLANG_WARN_CONSTANT_CONVERSION = YES;
				CLANG_WARN_DIRECT_OBJC_ISA_USAGE = YES_ERROR;
				CLANG_WARN_EMPTY_BODY = YES;
				CLANG_WARN_ENUM_CONVERSION = YES;
				CLANG_WARN_INT_CONVERSION = YES;
				CLANG_WARN_OBJC_ROOT_CLASS = YES_ERROR;
				CLANG_WARN_UNREACHABLE_CODE = YES;
				CLANG_WARN__DUPLICATE_METHOD_MATCH = YES;
				"CODE_SIGN_IDENTITY[sdk=iphoneos*]" = "iPhone Developer";
				COPY_PHASE_STRIP = NO;
				DEBUG_INFORMATION_FORMAT = "dwarf-with-dsym";
				ENABLE_NS_ASSERTIONS = NO;
				ENABLE_STRICT_OBJC_MSGSEND = YES;
				GCC_C_LANGUAGE_STANDARD = gnu99;
				GCC_NO_COMMON_BLOCKS = YES;
				GCC_WARN_64_TO_32_BIT_CONVERSION = YES;
				GCC_WARN_ABOUT_RETURN_TYPE = YES_ERROR;
				GCC_WARN_UNDECLARED_SELECTOR = YES;
				GCC_WARN_UNINITIALIZED_AUTOS = YES_AGGRESSIVE;
				GCC_WARN_UNUSED_FUNCTION = YES;
				GCC_WARN_UNUSED_VARIABLE = YES;
				IPHONEOS_DEPLOYMENT_TARGET = 8.3;
				MTL_ENABLE_DEBUG_INFO = NO;
				SDKROOT = iphoneos;
				VALIDATE_PRODUCT = YES;
			};
			name = Release;
		};
		013955081B07B93300C553F1 /* Debug */ = {
			isa = XCBuildConfiguration;
			buildSettings = {
				ASSETCATALOG_COMPILER_APPICON_NAME = AppIcon;
				INFOPLIST_FILE = l8r/Info.plist;
				LD_RUNPATH_SEARCH_PATHS = "$(inherited) @executable_path/Frameworks";
				PRODUCT_NAME = "$(TARGET_NAME)";
			};
			name = Debug;
		};
		013955091B07B93300C553F1 /* Release */ = {
			isa = XCBuildConfiguration;
			buildSettings = {
				ASSETCATALOG_COMPILER_APPICON_NAME = AppIcon;
				INFOPLIST_FILE = l8r/Info.plist;
				LD_RUNPATH_SEARCH_PATHS = "$(inherited) @executable_path/Frameworks";
				PRODUCT_NAME = "$(TARGET_NAME)";
			};
			name = Release;
		};
		0139550B1B07B93300C553F1 /* Debug */ = {
			isa = XCBuildConfiguration;
			buildSettings = {
				BUNDLE_LOADER = "$(TEST_HOST)";
				FRAMEWORK_SEARCH_PATHS = (
					"$(SDKROOT)/Developer/Library/Frameworks",
					"$(inherited)",
				);
				GCC_PREPROCESSOR_DEFINITIONS = (
					"DEBUG=1",
					"$(inherited)",
				);
				INFOPLIST_FILE = l8rTests/Info.plist;
				LD_RUNPATH_SEARCH_PATHS = "$(inherited) @executable_path/Frameworks @loader_path/Frameworks";
				PRODUCT_NAME = "$(TARGET_NAME)";
				TEST_HOST = "$(BUILT_PRODUCTS_DIR)/l8r.app/l8r";
			};
			name = Debug;
		};
		0139550C1B07B93300C553F1 /* Release */ = {
			isa = XCBuildConfiguration;
			buildSettings = {
				BUNDLE_LOADER = "$(TEST_HOST)";
				FRAMEWORK_SEARCH_PATHS = (
					"$(SDKROOT)/Developer/Library/Frameworks",
					"$(inherited)",
				);
				INFOPLIST_FILE = l8rTests/Info.plist;
				LD_RUNPATH_SEARCH_PATHS = "$(inherited) @executable_path/Frameworks @loader_path/Frameworks";
				PRODUCT_NAME = "$(TARGET_NAME)";
				TEST_HOST = "$(BUILT_PRODUCTS_DIR)/l8r.app/l8r";
			};
			name = Release;
		};
/* End XCBuildConfiguration section */

/* Begin XCConfigurationList section */
		013954E01B07B93300C553F1 /* Build configuration list for PBXProject "l8r" */ = {
			isa = XCConfigurationList;
			buildConfigurations = (
				013955051B07B93300C553F1 /* Debug */,
				013955061B07B93300C553F1 /* Release */,
			);
			defaultConfigurationIsVisible = 0;
			defaultConfigurationName = Release;
		};
		013955071B07B93300C553F1 /* Build configuration list for PBXNativeTarget "l8r" */ = {
			isa = XCConfigurationList;
			buildConfigurations = (
				013955081B07B93300C553F1 /* Debug */,
				013955091B07B93300C553F1 /* Release */,
			);
			defaultConfigurationIsVisible = 0;
			defaultConfigurationName = Release;
		};
		0139550A1B07B93300C553F1 /* Build configuration list for PBXNativeTarget "l8rTests" */ = {
			isa = XCConfigurationList;
			buildConfigurations = (
				0139550B1B07B93300C553F1 /* Debug */,
				0139550C1B07B93300C553F1 /* Release */,
			);
			defaultConfigurationIsVisible = 0;
			defaultConfigurationName = Release;
		};
/* End XCConfigurationList section */

/* Begin XCVersionGroup section */
		013954EC1B07B93300C553F1 /* l8r.xcdatamodeld */ = {
			isa = XCVersionGroup;
			children = (
				013954ED1B07B93300C553F1 /* l8r.xcdatamodel */,
			);
			currentVersion = 013954ED1B07B93300C553F1 /* l8r.xcdatamodel */;
			path = l8r.xcdatamodeld;
			sourceTree = "<group>";
			versionGroupType = wrapper.xcdatamodel;
		};
/* End XCVersionGroup section */
	};
	rootObject = 013954DD1B07B93300C553F1 /* Project object */;
}
